// !$*UTF8*$!
{
	archiveVersion = 1;
	classes = {
	};
	objectVersion = 55;
	objects = {

/* Begin PBXBuildFile section */
		DD295DA027181E3B008CFC64 /* AppDelegate.swift in Sources */ = {isa = PBXBuildFile; fileRef = DD295D9F27181E3B008CFC64 /* AppDelegate.swift */; };
		DD295DA227181E3B008CFC64 /* SceneDelegate.swift in Sources */ = {isa = PBXBuildFile; fileRef = DD295DA127181E3B008CFC64 /* SceneDelegate.swift */; };
		DD295DA927181E3D008CFC64 /* Assets.xcassets in Resources */ = {isa = PBXBuildFile; fileRef = DD295DA827181E3D008CFC64 /* Assets.xcassets */; };
		DD295DAC27181E3D008CFC64 /* LaunchScreen.storyboard in Resources */ = {isa = PBXBuildFile; fileRef = DD295DAA27181E3D008CFC64 /* LaunchScreen.storyboard */; };
		DDED00F82719D02900C2C343 /* UIColor.swift in Sources */ = {isa = PBXBuildFile; fileRef = DDED00F72719D02900C2C343 /* UIColor.swift */; };
		DDED01062719E2D400C2C343 /* UIFont.swift in Sources */ = {isa = PBXBuildFile; fileRef = DDED01052719E2D400C2C343 /* UIFont.swift */; };
		DDED011B271B33F800C2C343 /* OnboardingLabelData.swift in Sources */ = {isa = PBXBuildFile; fileRef = DDED011A271B33F800C2C343 /* OnboardingLabelData.swift */; };
		DDED011D271B342F00C2C343 /* OnboardingImgData.swift in Sources */ = {isa = PBXBuildFile; fileRef = DDED011C271B342F00C2C343 /* OnboardingImgData.swift */; };
		DDED011F271BD96D00C2C343 /* Onboarding.storyboard in Resources */ = {isa = PBXBuildFile; fileRef = DDED011E271BD96C00C2C343 /* Onboarding.storyboard */; };
		DDED0121271BD98400C2C343 /* OnbordingVC.swift in Sources */ = {isa = PBXBuildFile; fileRef = DDED0120271BD98400C2C343 /* OnbordingVC.swift */; };
		DDED0124271BDCD700C2C343 /* OnbordingCVCell.swift in Sources */ = {isa = PBXBuildFile; fileRef = DDED0122271BDCD700C2C343 /* OnbordingCVCell.swift */; };
		DDED0125271BDCD700C2C343 /* OnbordingCVCell.xib in Resources */ = {isa = PBXBuildFile; fileRef = DDED0123271BDCD700C2C343 /* OnbordingCVCell.xib */; };
/* End PBXBuildFile section */

/* Begin PBXFileReference section */
		DD295D9C27181E3B008CFC64 /* wupitch.app */ = {isa = PBXFileReference; explicitFileType = wrapper.application; includeInIndex = 0; path = wupitch.app; sourceTree = BUILT_PRODUCTS_DIR; };
		DD295D9F27181E3B008CFC64 /* AppDelegate.swift */ = {isa = PBXFileReference; lastKnownFileType = sourcecode.swift; path = AppDelegate.swift; sourceTree = "<group>"; };
		DD295DA127181E3B008CFC64 /* SceneDelegate.swift */ = {isa = PBXFileReference; lastKnownFileType = sourcecode.swift; path = SceneDelegate.swift; sourceTree = "<group>"; };
		DD295DA827181E3D008CFC64 /* Assets.xcassets */ = {isa = PBXFileReference; lastKnownFileType = folder.assetcatalog; path = Assets.xcassets; sourceTree = "<group>"; };
		DD295DAB27181E3D008CFC64 /* Base */ = {isa = PBXFileReference; lastKnownFileType = file.storyboard; name = Base; path = Base.lproj/LaunchScreen.storyboard; sourceTree = "<group>"; };
		DD295DAD27181E3D008CFC64 /* Info.plist */ = {isa = PBXFileReference; lastKnownFileType = text.plist.xml; path = Info.plist; sourceTree = "<group>"; };
		DDED00F72719D02900C2C343 /* UIColor.swift */ = {isa = PBXFileReference; lastKnownFileType = sourcecode.swift; path = UIColor.swift; sourceTree = "<group>"; };
		DDED01052719E2D400C2C343 /* UIFont.swift */ = {isa = PBXFileReference; lastKnownFileType = sourcecode.swift; path = UIFont.swift; sourceTree = "<group>"; };
		DDED011A271B33F800C2C343 /* OnboardingLabelData.swift */ = {isa = PBXFileReference; lastKnownFileType = sourcecode.swift; path = OnboardingLabelData.swift; sourceTree = "<group>"; };
		DDED011C271B342F00C2C343 /* OnboardingImgData.swift */ = {isa = PBXFileReference; lastKnownFileType = sourcecode.swift; path = OnboardingImgData.swift; sourceTree = "<group>"; };
		DDED011E271BD96C00C2C343 /* Onboarding.storyboard */ = {isa = PBXFileReference; lastKnownFileType = file.storyboard; path = Onboarding.storyboard; sourceTree = "<group>"; };
		DDED0120271BD98400C2C343 /* OnbordingVC.swift */ = {isa = PBXFileReference; lastKnownFileType = sourcecode.swift; path = OnbordingVC.swift; sourceTree = "<group>"; };
		DDED0122271BDCD700C2C343 /* OnbordingCVCell.swift */ = {isa = PBXFileReference; lastKnownFileType = sourcecode.swift; path = OnbordingCVCell.swift; sourceTree = "<group>"; };
		DDED0123271BDCD700C2C343 /* OnbordingCVCell.xib */ = {isa = PBXFileReference; lastKnownFileType = file.xib; path = OnbordingCVCell.xib; sourceTree = "<group>"; };
/* End PBXFileReference section */

/* Begin PBXFrameworksBuildPhase section */
		DD295D9927181E3B008CFC64 /* Frameworks */ = {
			isa = PBXFrameworksBuildPhase;
			buildActionMask = 2147483647;
			files = (
			);
			runOnlyForDeploymentPostprocessing = 0;
		};
/* End PBXFrameworksBuildPhase section */

/* Begin PBXGroup section */
		DD295D9327181E3B008CFC64 = {
			isa = PBXGroup;
			children = (
				DD295D9E27181E3B008CFC64 /* wupitch */,
				DD295D9D27181E3B008CFC64 /* Products */,
			);
			sourceTree = "<group>";
		};
		DD295D9D27181E3B008CFC64 /* Products */ = {
			isa = PBXGroup;
			children = (
				DD295D9C27181E3B008CFC64 /* wupitch.app */,
			);
			name = Products;
			sourceTree = "<group>";
		};
		DD295D9E27181E3B008CFC64 /* wupitch */ = {
			isa = PBXGroup;
			children = (
				DD295DB3271839B8008CFC64 /* Global */,
				DD295DB827183BDF008CFC64 /* Network */,
				DD295DB4271839C9008CFC64 /* Screen */,
				DD295DB5271839D6008CFC64 /* Support */,
			);
			path = wupitch;
			sourceTree = "<group>";
		};
		DD295DB3271839B8008CFC64 /* Global */ = {
			isa = PBXGroup;
			children = (
				DDED00FF2719E0DE00C2C343 /* Font */,
				DD295DB627183A14008CFC64 /* Extension */,
			);
			path = Global;
			sourceTree = "<group>";
		};
		DD295DB4271839C9008CFC64 /* Screen */ = {
			isa = PBXGroup;
			children = (
				DDED00F52719CB4200C2C343 /* Onboarding */,
			);
			path = Screen;
			sourceTree = "<group>";
		};
		DD295DB5271839D6008CFC64 /* Support */ = {
			isa = PBXGroup;
			children = (
				DD295DAA27181E3D008CFC64 /* LaunchScreen.storyboard */,
				DD295DA827181E3D008CFC64 /* Assets.xcassets */,
				DD295D9F27181E3B008CFC64 /* AppDelegate.swift */,
				DD295DA127181E3B008CFC64 /* SceneDelegate.swift */,
				DD295DAD27181E3D008CFC64 /* Info.plist */,
			);
			path = Support;
			sourceTree = "<group>";
		};
		DD295DB627183A14008CFC64 /* Extension */ = {
			isa = PBXGroup;
			children = (
				DDED00F72719D02900C2C343 /* UIColor.swift */,
				DDED01052719E2D400C2C343 /* UIFont.swift */,
			);
			path = Extension;
			sourceTree = "<group>";
		};
		DD295DB827183BDF008CFC64 /* Network */ = {
			isa = PBXGroup;
			children = (
				DDED0118271B33C200C2C343 /* APIModels */,
			);
			path = Network;
			sourceTree = "<group>";
		};
		DDED00F52719CB4200C2C343 /* Onboarding */ = {
			isa = PBXGroup;
			children = (
				DDED010B271AC36200C2C343 /* Cells */,
				DDED00FC2719D7BA00C2C343 /* Controllers */,
				DDED00FB2719D79800C2C343 /* Storyboards */,
			);
			path = Onboarding;
			sourceTree = "<group>";
		};
		DDED00FB2719D79800C2C343 /* Storyboards */ = {
			isa = PBXGroup;
			children = (
				DDED011E271BD96C00C2C343 /* Onboarding.storyboard */,
			);
			path = Storyboards;
			sourceTree = "<group>";
		};
		DDED00FC2719D7BA00C2C343 /* Controllers */ = {
			isa = PBXGroup;
			children = (
				DDED0120271BD98400C2C343 /* OnbordingVC.swift */,
			);
			path = Controllers;
			sourceTree = "<group>";
		};
		DDED00FF2719E0DE00C2C343 /* Font */ = {
			isa = PBXGroup;
			children = (
			);
			path = Font;
			sourceTree = "<group>";
		};
		DDED010B271AC36200C2C343 /* Cells */ = {
			isa = PBXGroup;
			children = (
				DDED0122271BDCD700C2C343 /* OnbordingCVCell.swift */,
				DDED0123271BDCD700C2C343 /* OnbordingCVCell.xib */,
			);
			path = Cells;
			sourceTree = "<group>";
		};
		DDED0118271B33C200C2C343 /* APIModels */ = {
			isa = PBXGroup;
			children = (
				DDED0119271B33DD00C2C343 /* Onboarding */,
			);
			path = APIModels;
			sourceTree = "<group>";
		};
		DDED0119271B33DD00C2C343 /* Onboarding */ = {
			isa = PBXGroup;
			children = (
				DDED011A271B33F800C2C343 /* OnboardingLabelData.swift */,
				DDED011C271B342F00C2C343 /* OnboardingImgData.swift */,
			);
			path = Onboarding;
			sourceTree = "<group>";
		};
/* End PBXGroup section */

/* Begin PBXNativeTarget section */
		DD295D9B27181E3B008CFC64 /* wupitch */ = {
			isa = PBXNativeTarget;
			buildConfigurationList = DD295DB027181E3D008CFC64 /* Build configuration list for PBXNativeTarget "wupitch" */;
			buildPhases = (
				DD295D9827181E3B008CFC64 /* Sources */,
				DD295D9927181E3B008CFC64 /* Frameworks */,
				DD295D9A27181E3B008CFC64 /* Resources */,
			);
			buildRules = (
			);
			dependencies = (
			);
			name = wupitch;
			productName = wupitch;
			productReference = DD295D9C27181E3B008CFC64 /* wupitch.app */;
			productType = "com.apple.product-type.application";
		};
/* End PBXNativeTarget section */

/* Begin PBXProject section */
		DD295D9427181E3B008CFC64 /* Project object */ = {
			isa = PBXProject;
			attributes = {
				BuildIndependentTargetsInParallel = 1;
				LastSwiftUpdateCheck = 1300;
				LastUpgradeCheck = 1300;
				TargetAttributes = {
					DD295D9B27181E3B008CFC64 = {
						CreatedOnToolsVersion = 13.0;
					};
				};
			};
			buildConfigurationList = DD295D9727181E3B008CFC64 /* Build configuration list for PBXProject "wupitch" */;
			compatibilityVersion = "Xcode 13.0";
			developmentRegion = en;
			hasScannedForEncodings = 0;
			knownRegions = (
				en,
				Base,
			);
			mainGroup = DD295D9327181E3B008CFC64;
			productRefGroup = DD295D9D27181E3B008CFC64 /* Products */;
			projectDirPath = "";
			projectRoot = "";
			targets = (
				DD295D9B27181E3B008CFC64 /* wupitch */,
			);
		};
/* End PBXProject section */

/* Begin PBXResourcesBuildPhase section */
		DD295D9A27181E3B008CFC64 /* Resources */ = {
			isa = PBXResourcesBuildPhase;
			buildActionMask = 2147483647;
			files = (
				DDED0125271BDCD700C2C343 /* OnbordingCVCell.xib in Resources */,
				DD295DAC27181E3D008CFC64 /* LaunchScreen.storyboard in Resources */,
				DDED011F271BD96D00C2C343 /* Onboarding.storyboard in Resources */,
				DD295DA927181E3D008CFC64 /* Assets.xcassets in Resources */,
			);
			runOnlyForDeploymentPostprocessing = 0;
		};
/* End PBXResourcesBuildPhase section */

/* Begin PBXSourcesBuildPhase section */
		DD295D9827181E3B008CFC64 /* Sources */ = {
			isa = PBXSourcesBuildPhase;
			buildActionMask = 2147483647;
			files = (
				DDED00F82719D02900C2C343 /* UIColor.swift in Sources */,
				DDED01062719E2D400C2C343 /* UIFont.swift in Sources */,
				DDED011D271B342F00C2C343 /* OnboardingImgData.swift in Sources */,
				DDED011B271B33F800C2C343 /* OnboardingLabelData.swift in Sources */,
				DDED0124271BDCD700C2C343 /* OnbordingCVCell.swift in Sources */,
				DD295DA027181E3B008CFC64 /* AppDelegate.swift in Sources */,
				DDED0121271BD98400C2C343 /* OnbordingVC.swift in Sources */,
				DD295DA227181E3B008CFC64 /* SceneDelegate.swift in Sources */,
			);
			runOnlyForDeploymentPostprocessing = 0;
		};
/* End PBXSourcesBuildPhase section */

/* Begin PBXVariantGroup section */
		DD295DAA27181E3D008CFC64 /* LaunchScreen.storyboard */ = {
			isa = PBXVariantGroup;
			children = (
				DD295DAB27181E3D008CFC64 /* Base */,
			);
			name = LaunchScreen.storyboard;
			sourceTree = "<group>";
		};
/* End PBXVariantGroup section */

/* Begin XCBuildConfiguration section */
		DD295DAE27181E3D008CFC64 /* Debug */ = {
			isa = XCBuildConfiguration;
			buildSettings = {
				ALWAYS_SEARCH_USER_PATHS = NO;
				CLANG_ANALYZER_NONNULL = YES;
				CLANG_ANALYZER_NUMBER_OBJECT_CONVERSION = YES_AGGRESSIVE;
				CLANG_CXX_LANGUAGE_STANDARD = "gnu++17";
				CLANG_CXX_LIBRARY = "libc++";
				CLANG_ENABLE_MODULES = YES;
				CLANG_ENABLE_OBJC_ARC = YES;
				CLANG_ENABLE_OBJC_WEAK = YES;
				CLANG_WARN_BLOCK_CAPTURE_AUTORELEASING = YES;
				CLANG_WARN_BOOL_CONVERSION = YES;
				CLANG_WARN_COMMA = YES;
				CLANG_WARN_CONSTANT_CONVERSION = YES;
				CLANG_WARN_DEPRECATED_OBJC_IMPLEMENTATIONS = YES;
				CLANG_WARN_DIRECT_OBJC_ISA_USAGE = YES_ERROR;
				CLANG_WARN_DOCUMENTATION_COMMENTS = YES;
				CLANG_WARN_EMPTY_BODY = YES;
				CLANG_WARN_ENUM_CONVERSION = YES;
				CLANG_WARN_INFINITE_RECURSION = YES;
				CLANG_WARN_INT_CONVERSION = YES;
				CLANG_WARN_NON_LITERAL_NULL_CONVERSION = YES;
				CLANG_WARN_OBJC_IMPLICIT_RETAIN_SELF = YES;
				CLANG_WARN_OBJC_LITERAL_CONVERSION = YES;
				CLANG_WARN_OBJC_ROOT_CLASS = YES_ERROR;
				CLANG_WARN_QUOTED_INCLUDE_IN_FRAMEWORK_HEADER = YES;
				CLANG_WARN_RANGE_LOOP_ANALYSIS = YES;
				CLANG_WARN_STRICT_PROTOTYPES = YES;
				CLANG_WARN_SUSPICIOUS_MOVE = YES;
				CLANG_WARN_UNGUARDED_AVAILABILITY = YES_AGGRESSIVE;
				CLANG_WARN_UNREACHABLE_CODE = YES;
				CLANG_WARN__DUPLICATE_METHOD_MATCH = YES;
				COPY_PHASE_STRIP = NO;
				DEBUG_INFORMATION_FORMAT = dwarf;
				ENABLE_STRICT_OBJC_MSGSEND = YES;
				ENABLE_TESTABILITY = YES;
				GCC_C_LANGUAGE_STANDARD = gnu11;
				GCC_DYNAMIC_NO_PIC = NO;
				GCC_NO_COMMON_BLOCKS = YES;
				GCC_OPTIMIZATION_LEVEL = 0;
				GCC_PREPROCESSOR_DEFINITIONS = (
					"DEBUG=1",
					"$(inherited)",
				);
				GCC_WARN_64_TO_32_BIT_CONVERSION = YES;
				GCC_WARN_ABOUT_RETURN_TYPE = YES_ERROR;
				GCC_WARN_UNDECLARED_SELECTOR = YES;
				GCC_WARN_UNINITIALIZED_AUTOS = YES_AGGRESSIVE;
				GCC_WARN_UNUSED_FUNCTION = YES;
				GCC_WARN_UNUSED_VARIABLE = YES;
				IPHONEOS_DEPLOYMENT_TARGET = 13.0;
				MTL_ENABLE_DEBUG_INFO = INCLUDE_SOURCE;
				MTL_FAST_MATH = YES;
				ONLY_ACTIVE_ARCH = YES;
				SDKROOT = iphoneos;
				SWIFT_ACTIVE_COMPILATION_CONDITIONS = DEBUG;
				SWIFT_OPTIMIZATION_LEVEL = "-Onone";
			};
			name = Debug;
		};
		DD295DAF27181E3D008CFC64 /* Release */ = {
			isa = XCBuildConfiguration;
			buildSettings = {
				ALWAYS_SEARCH_USER_PATHS = NO;
				CLANG_ANALYZER_NONNULL = YES;
				CLANG_ANALYZER_NUMBER_OBJECT_CONVERSION = YES_AGGRESSIVE;
				CLANG_CXX_LANGUAGE_STANDARD = "gnu++17";
				CLANG_CXX_LIBRARY = "libc++";
				CLANG_ENABLE_MODULES = YES;
				CLANG_ENABLE_OBJC_ARC = YES;
				CLANG_ENABLE_OBJC_WEAK = YES;
				CLANG_WARN_BLOCK_CAPTURE_AUTORELEASING = YES;
				CLANG_WARN_BOOL_CONVERSION = YES;
				CLANG_WARN_COMMA = YES;
				CLANG_WARN_CONSTANT_CONVERSION = YES;
				CLANG_WARN_DEPRECATED_OBJC_IMPLEMENTATIONS = YES;
				CLANG_WARN_DIRECT_OBJC_ISA_USAGE = YES_ERROR;
				CLANG_WARN_DOCUMENTATION_COMMENTS = YES;
				CLANG_WARN_EMPTY_BODY = YES;
				CLANG_WARN_ENUM_CONVERSION = YES;
				CLANG_WARN_INFINITE_RECURSION = YES;
				CLANG_WARN_INT_CONVERSION = YES;
				CLANG_WARN_NON_LITERAL_NULL_CONVERSION = YES;
				CLANG_WARN_OBJC_IMPLICIT_RETAIN_SELF = YES;
				CLANG_WARN_OBJC_LITERAL_CONVERSION = YES;
				CLANG_WARN_OBJC_ROOT_CLASS = YES_ERROR;
				CLANG_WARN_QUOTED_INCLUDE_IN_FRAMEWORK_HEADER = YES;
				CLANG_WARN_RANGE_LOOP_ANALYSIS = YES;
				CLANG_WARN_STRICT_PROTOTYPES = YES;
				CLANG_WARN_SUSPICIOUS_MOVE = YES;
				CLANG_WARN_UNGUARDED_AVAILABILITY = YES_AGGRESSIVE;
				CLANG_WARN_UNREACHABLE_CODE = YES;
				CLANG_WARN__DUPLICATE_METHOD_MATCH = YES;
				COPY_PHASE_STRIP = NO;
				DEBUG_INFORMATION_FORMAT = "dwarf-with-dsym";
				ENABLE_NS_ASSERTIONS = NO;
				ENABLE_STRICT_OBJC_MSGSEND = YES;
				GCC_C_LANGUAGE_STANDARD = gnu11;
				GCC_NO_COMMON_BLOCKS = YES;
				GCC_WARN_64_TO_32_BIT_CONVERSION = YES;
				GCC_WARN_ABOUT_RETURN_TYPE = YES_ERROR;
				GCC_WARN_UNDECLARED_SELECTOR = YES;
				GCC_WARN_UNINITIALIZED_AUTOS = YES_AGGRESSIVE;
				GCC_WARN_UNUSED_FUNCTION = YES;
				GCC_WARN_UNUSED_VARIABLE = YES;
				IPHONEOS_DEPLOYMENT_TARGET = 13.0;
				MTL_ENABLE_DEBUG_INFO = NO;
				MTL_FAST_MATH = YES;
				SDKROOT = iphoneos;
				SWIFT_COMPILATION_MODE = wholemodule;
				SWIFT_OPTIMIZATION_LEVEL = "-O";
				VALIDATE_PRODUCT = YES;
			};
			name = Release;
		};
		DD295DB127181E3D008CFC64 /* Debug */ = {
			isa = XCBuildConfiguration;
			buildSettings = {
				ASSETCATALOG_COMPILER_APPICON_NAME = AppIcon;
				ASSETCATALOG_COMPILER_GLOBAL_ACCENT_COLOR_NAME = AccentColor;
				CODE_SIGN_IDENTITY = "Apple Development";
				CODE_SIGN_STYLE = Automatic;
				CURRENT_PROJECT_VERSION = 1;
				DEVELOPMENT_TEAM = 296LN74J9R;
				GENERATE_INFOPLIST_FILE = YES;
				INFOPLIST_FILE = wupitch/Support/Info.plist;
				INFOPLIST_KEY_UIApplicationSupportsIndirectInputEvents = YES;
				INFOPLIST_KEY_UILaunchStoryboardName = LaunchScreen;
				INFOPLIST_KEY_UIMainStoryboardFile = Onboarding;
				INFOPLIST_KEY_UISupportedInterfaceOrientations_iPad = "UIInterfaceOrientationPortrait UIInterfaceOrientationPortraitUpsideDown UIInterfaceOrientationLandscapeLeft UIInterfaceOrientationLandscapeRight";
				INFOPLIST_KEY_UISupportedInterfaceOrientations_iPhone = "UIInterfaceOrientationPortrait UIInterfaceOrientationLandscapeLeft UIInterfaceOrientationLandscapeRight";
				LD_RUNPATH_SEARCH_PATHS = (
					"$(inherited)",
					"@executable_path/Frameworks",
				);
				MARKETING_VERSION = 1.0;
				PRODUCT_BUNDLE_IDENTIFIER = sj.wupitch;
				PRODUCT_NAME = "$(TARGET_NAME)";
				PROVISIONING_PROFILE_SPECIFIER = "";
				SWIFT_EMIT_LOC_STRINGS = YES;
				SWIFT_VERSION = 5.0;
				TARGETED_DEVICE_FAMILY = "1,2";
			};
			name = Debug;
		};
		DD295DB227181E3D008CFC64 /* Release */ = {
			isa = XCBuildConfiguration;
			buildSettings = {
				ASSETCATALOG_COMPILER_APPICON_NAME = AppIcon;
				ASSETCATALOG_COMPILER_GLOBAL_ACCENT_COLOR_NAME = AccentColor;
				CODE_SIGN_IDENTITY = "Apple Development";
				CODE_SIGN_STYLE = Automatic;
				CURRENT_PROJECT_VERSION = 1;
				DEVELOPMENT_TEAM = 296LN74J9R;
				GENERATE_INFOPLIST_FILE = YES;
				INFOPLIST_FILE = wupitch/Support/Info.plist;
				INFOPLIST_KEY_UIApplicationSupportsIndirectInputEvents = YES;
				INFOPLIST_KEY_UILaunchStoryboardName = LaunchScreen;
				INFOPLIST_KEY_UIMainStoryboardFile = Onboarding;
				INFOPLIST_KEY_UISupportedInterfaceOrientations_iPad = "UIInterfaceOrientationPortrait UIInterfaceOrientationPortraitUpsideDown UIInterfaceOrientationLandscapeLeft UIInterfaceOrientationLandscapeRight";
				INFOPLIST_KEY_UISupportedInterfaceOrientations_iPhone = "UIInterfaceOrientationPortrait UIInterfaceOrientationLandscapeLeft UIInterfaceOrientationLandscapeRight";
				LD_RUNPATH_SEARCH_PATHS = (
					"$(inherited)",
					"@executable_path/Frameworks",
				);
				MARKETING_VERSION = 1.0;
				PRODUCT_BUNDLE_IDENTIFIER = sj.wupitch;
				PRODUCT_NAME = "$(TARGET_NAME)";
				PROVISIONING_PROFILE_SPECIFIER = "";
				SWIFT_EMIT_LOC_STRINGS = YES;
				SWIFT_VERSION = 5.0;
				TARGETED_DEVICE_FAMILY = "1,2";
			};
			name = Release;
		};
/* End XCBuildConfiguration section */

/* Begin XCConfigurationList section */
		DD295D9727181E3B008CFC64 /* Build configuration list for PBXProject "wupitch" */ = {
			isa = XCConfigurationList;
			buildConfigurations = (
				DD295DAE27181E3D008CFC64 /* Debug */,
				DD295DAF27181E3D008CFC64 /* Release */,
			);
			defaultConfigurationIsVisible = 0;
			defaultConfigurationName = Release;
		};
		DD295DB027181E3D008CFC64 /* Build configuration list for PBXNativeTarget "wupitch" */ = {
			isa = XCConfigurationList;
			buildConfigurations = (
				DD295DB127181E3D008CFC64 /* Debug */,
				DD295DB227181E3D008CFC64 /* Release */,
			);
			defaultConfigurationIsVisible = 0;
			defaultConfigurationName = Release;
		};
/* End XCConfigurationList section */
	};
	rootObject = DD295D9427181E3B008CFC64 /* Project object */;
}
